
Microsoft Visual Studio Solution File, Format Version 12.00
# Visual Studio Version 17
VisualStudioVersion = 17.8.34525.116
MinimumVisualStudioVersion = 10.0.40219.1
Project("{FAE04EC0-301F-11D3-BF4B-00C04F79EFBC}") = "Dashboard.Wpf", "Dashboard.Wpf\Dashboard.Wpf.csproj", "{3BA96849-B21E-407B-82CC-2138BE74D326}"
EndProject
Global
	GlobalSection(SolutionConfigurationPlatforms) = preSolution
		Debug|Any CPU = Debug|Any CPU
		Release|Any CPU = Release|Any CPU
	EndGlobalSection
	GlobalSection(ProjectConfigurationPlatforms) = postSolution
		{3BA96849-B21E-407B-82CC-2138BE74D326}.Debug|Any CPU.ActiveCfg = Debug|Any CPU
		{3BA96849-B21E-407B-82CC-2138BE74D326}.Debug|Any CPU.Build.0 = Debug|Any CPU
		{3BA96849-B21E-407B-82CC-2138BE74D326}.Release|Any CPU.ActiveCfg = Release|Any CPU
		{3BA96849-B21E-407B-82CC-2138BE74D326}.Release|Any CPU.Build.0 = Release|Any CPU
	EndGlobalSection
	GlobalSection(SolutionProperties) = preSolution
		HideSolutionNode = FALSE
	EndGlobalSection
	GlobalSection(ExtensibilityGlobals) = postSolution
		SolutionGuid = {961A15A7-46D5-4B49-977C-560BEAFED879}
	EndGlobalSection
EndGlobal
